{
  "name": "@omilia/mcp-server",
  "version": "0.1.0",
  "lockfileVersion": 3,
  "requires": true,
  "packages": {
    "": {
      "name": "@omilia/mcp-server",
      "version": "0.1.0",
      "bin": {
        "mcp-server": "bin/ocp-mcp.js"
      },
      "engines": {
        "node": ">=20"
      }
    }
  }
}
